// !$*UTF8*$!
{
	archiveVersion = 1;
	classes = {
	};
	objectVersion = 56;
	objects = {

/* Begin PBXBuildFile section */
		75065A272AFC08BB009B8AF5 /* AppDelegate.m in Sources */ = {isa = PBXBuildFile; fileRef = 75065A262AFC08BB009B8AF5 /* AppDelegate.m */; };
		75065A292AFC08BB009B8AF5 /* GameScene.sks in Resources */ = {isa = PBXBuildFile; fileRef = 75065A282AFC08BB009B8AF5 /* GameScene.sks */; };
		75065A2B2AFC08BB009B8AF5 /* Actions.sks in Resources */ = {isa = PBXBuildFile; fileRef = 75065A2A2AFC08BB009B8AF5 /* Actions.sks */; };
		75065A2E2AFC08BB009B8AF5 /* GameScene.m in Sources */ = {isa = PBXBuildFile; fileRef = 75065A2D2AFC08BB009B8AF5 /* GameScene.m */; };
		75065A312AFC08BB009B8AF5 /* GameViewController.m in Sources */ = {isa = PBXBuildFile; fileRef = 75065A302AFC08BB009B8AF5 /* GameViewController.m */; };
		75065A342AFC08BB009B8AF5 /* Main.storyboard in Resources */ = {isa = PBXBuildFile; fileRef = 75065A322AFC08BB009B8AF5 /* Main.storyboard */; };
		75065A362AFC08BC009B8AF5 /* Assets.xcassets in Resources */ = {isa = PBXBuildFile; fileRef = 75065A352AFC08BC009B8AF5 /* Assets.xcassets */; };
		75065A392AFC08BC009B8AF5 /* LaunchScreen.storyboard in Resources */ = {isa = PBXBuildFile; fileRef = 75065A372AFC08BC009B8AF5 /* LaunchScreen.storyboard */; };
		75065A3B2AFC08BC009B8AF5 /* main.m in Sources */ = {isa = PBXBuildFile; fileRef = 75065A3A2AFC08BC009B8AF5 /* main.m */; };
/* End PBXBuildFile section */

/* Begin PBXFileReference section */
		75065A222AFC08BB009B8AF5 /* PuttPuttGolf.app */ = {isa = PBXFileReference; explicitFileType = wrapper.application; includeInIndex = 0; path = PuttPuttGolf.app; sourceTree = BUILT_PRODUCTS_DIR; };
		75065A252AFC08BB009B8AF5 /* AppDelegate.h */ = {isa = PBXFileReference; lastKnownFileType = sourcecode.c.h; path = AppDelegate.h; sourceTree = "<group>"; };
		75065A262AFC08BB009B8AF5 /* AppDelegate.m */ = {isa = PBXFileReference; lastKnownFileType = sourcecode.c.objc; path = AppDelegate.m; sourceTree = "<group>"; };
		75065A282AFC08BB009B8AF5 /* GameScene.sks */ = {isa = PBXFileReference; lastKnownFileType = file.sks; path = GameScene.sks; sourceTree = "<group>"; };
		75065A2A2AFC08BB009B8AF5 /* Actions.sks */ = {isa = PBXFileReference; lastKnownFileType = file.sks; path = Actions.sks; sourceTree = "<group>"; };
		75065A2C2AFC08BB009B8AF5 /* GameScene.h */ = {isa = PBXFileReference; lastKnownFileType = sourcecode.c.h; path = GameScene.h; sourceTree = "<group>"; };
		75065A2D2AFC08BB009B8AF5 /* GameScene.m */ = {isa = PBXFileReference; lastKnownFileType = sourcecode.c.objc; path = GameScene.m; sourceTree = "<group>"; };
		75065A2F2AFC08BB009B8AF5 /* GameViewController.h */ = {isa = PBXFileReference; lastKnownFileType = sourcecode.c.h; path = GameViewController.h; sourceTree = "<group>"; };
		75065A302AFC08BB009B8AF5 /* GameViewController.m */ = {isa = PBXFileReference; lastKnownFileType = sourcecode.c.objc; path = GameViewController.m; sourceTree = "<group>"; };
		75065A332AFC08BB009B8AF5 /* Base */ = {isa = PBXFileReference; lastKnownFileType = file.storyboard; name = Base; path = Base.lproj/Main.storyboard; sourceTree = "<group>"; };
		75065A352AFC08BC009B8AF5 /* Assets.xcassets */ = {isa = PBXFileReference; lastKnownFileType = folder.assetcatalog; path = Assets.xcassets; sourceTree = "<group>"; };
		75065A382AFC08BC009B8AF5 /* Base */ = {isa = PBXFileReference; lastKnownFileType = file.storyboard; name = Base; path = Base.lproj/LaunchScreen.storyboard; sourceTree = "<group>"; };
		75065A3A2AFC08BC009B8AF5 /* main.m */ = {isa = PBXFileReference; lastKnownFileType = sourcecode.c.objc; path = main.m; sourceTree = "<group>"; };
/* End PBXFileReference section */

/* Begin PBXFrameworksBuildPhase section */
		75065A1F2AFC08BB009B8AF5 /* Frameworks */ = {
			isa = PBXFrameworksBuildPhase;
			buildActionMask = 2147483647;
			files = (
			);
			runOnlyForDeploymentPostprocessing = 0;
		};
/* End PBXFrameworksBuildPhase section */

/* Begin PBXGroup section */
		75065A192AFC08BB009B8AF5 = {
			isa = PBXGroup;
			children = (
				75065A242AFC08BB009B8AF5 /* PuttPuttGolf */,
				75065A232AFC08BB009B8AF5 /* Products */,
			);
			sourceTree = "<group>";
		};
		75065A232AFC08BB009B8AF5 /* Products */ = {
			isa = PBXGroup;
			children = (
				75065A222AFC08BB009B8AF5 /* PuttPuttGolf.app */,
			);
			name = Products;
			sourceTree = "<group>";
		};
		75065A242AFC08BB009B8AF5 /* PuttPuttGolf */ = {
			isa = PBXGroup;
			children = (
				75065A252AFC08BB009B8AF5 /* AppDelegate.h */,
				75065A262AFC08BB009B8AF5 /* AppDelegate.m */,
				75065A282AFC08BB009B8AF5 /* GameScene.sks */,
				75065A2A2AFC08BB009B8AF5 /* Actions.sks */,
				75065A2C2AFC08BB009B8AF5 /* GameScene.h */,
				75065A2D2AFC08BB009B8AF5 /* GameScene.m */,
				75065A2F2AFC08BB009B8AF5 /* GameViewController.h */,
				75065A302AFC08BB009B8AF5 /* GameViewController.m */,
				75065A322AFC08BB009B8AF5 /* Main.storyboard */,
				75065A352AFC08BC009B8AF5 /* Assets.xcassets */,
				75065A372AFC08BC009B8AF5 /* LaunchScreen.storyboard */,
				75065A3A2AFC08BC009B8AF5 /* main.m */,
			);
			path = PuttPuttGolf;
			sourceTree = "<group>";
		};
/* End PBXGroup section */

/* Begin PBXNativeTarget section */
		75065A212AFC08BB009B8AF5 /* PuttPuttGolf */ = {
			isa = PBXNativeTarget;
			buildConfigurationList = 75065A3E2AFC08BC009B8AF5 /* Build configuration list for PBXNativeTarget "PuttPuttGolf" */;
			buildPhases = (
				75065A1E2AFC08BB009B8AF5 /* Sources */,
				75065A1F2AFC08BB009B8AF5 /* Frameworks */,
				75065A202AFC08BB009B8AF5 /* Resources */,
			);
			buildRules = (
			);
			dependencies = (
			);
			name = PuttPuttGolf;
			productName = PuttPuttGolf;
			productReference = 75065A222AFC08BB009B8AF5 /* PuttPuttGolf.app */;
			productType = "com.apple.product-type.application";
		};
/* End PBXNativeTarget section */

/* Begin PBXProject section */
		75065A1A2AFC08BB009B8AF5 /* Project object */ = {
			isa = PBXProject;
			attributes = {
				BuildIndependentTargetsInParallel = 1;
				LastUpgradeCheck = 1500;
				TargetAttributes = {
					75065A212AFC08BB009B8AF5 = {
						CreatedOnToolsVersion = 15.0.1;
					};
				};
			};
			buildConfigurationList = 75065A1D2AFC08BB009B8AF5 /* Build configuration list for PBXProject "PuttPuttGolf" */;
			compatibilityVersion = "Xcode 14.0";
			developmentRegion = en;
			hasScannedForEncodings = 0;
			knownRegions = (
				en,
				Base,
			);
			mainGroup = 75065A192AFC08BB009B8AF5;
			productRefGroup = 75065A232AFC08BB009B8AF5 /* Products */;
			projectDirPath = "";
			projectRoot = "";
			targets = (
				75065A212AFC08BB009B8AF5 /* PuttPuttGolf */,
			);
		};
/* End PBXProject section */

/* Begin PBXResourcesBuildPhase section */
		75065A202AFC08BB009B8AF5 /* Resources */ = {
			isa = PBXResourcesBuildPhase;
			buildActionMask = 2147483647;
			files = (
				75065A342AFC08BB009B8AF5 /* Main.storyboard in Resources */,
				75065A292AFC08BB009B8AF5 /* GameScene.sks in Resources */,
				75065A362AFC08BC009B8AF5 /* Assets.xcassets in Resources */,
				75065A392AFC08BC009B8AF5 /* LaunchScreen.storyboard in Resources */,
				75065A2B2AFC08BB009B8AF5 /* Actions.sks in Resources */,
			);
			runOnlyForDeploymentPostprocessing = 0;
		};
/* End PBXResourcesBuildPhase section */

/* Begin PBXSourcesBuildPhase section */
		75065A1E2AFC08BB009B8AF5 /* Sources */ = {
			isa = PBXSourcesBuildPhase;
			buildActionMask = 2147483647;
			files = (
				75065A2E2AFC08BB009B8AF5 /* GameScene.m in Sources */,
				75065A312AFC08BB009B8AF5 /* GameViewController.m in Sources */,
				75065A3B2AFC08BC009B8AF5 /* main.m in Sources */,
				75065A272AFC08BB009B8AF5 /* AppDelegate.m in Sources */,
			);
			runOnlyForDeploymentPostprocessing = 0;
		};
/* End PBXSourcesBuildPhase section */

/* Begin PBXVariantGroup section */
		75065A322AFC08BB009B8AF5 /* Main.storyboard */ = {
			isa = PBXVariantGroup;
			children = (
				75065A332AFC08BB009B8AF5 /* Base */,
			);
			name = Main.storyboard;
			sourceTree = "<group>";
		};
		75065A372AFC08BC009B8AF5 /* LaunchScreen.storyboard */ = {
			isa = PBXVariantGroup;
			children = (
				75065A382AFC08BC009B8AF5 /* Base */,
			);
			name = LaunchScreen.storyboard;
			sourceTree = "<group>";
		};
/* End PBXVariantGroup section */

/* Begin XCBuildConfiguration section */
		75065A3C2AFC08BC009B8AF5 /* Debug */ = {
			isa = XCBuildConfiguration;
			buildSettings = {
				ALWAYS_SEARCH_USER_PATHS = NO;
				ASSETCATALOG_COMPILER_GENERATE_SWIFT_ASSET_SYMBOL_EXTENSIONS = YES;
				CLANG_ANALYZER_NONNULL = YES;
				CLANG_ANALYZER_NUMBER_OBJECT_CONVERSION = YES_AGGRESSIVE;
				CLANG_CXX_LANGUAGE_STANDARD = "gnu++20";
				CLANG_ENABLE_MODULES = YES;
				CLANG_ENABLE_OBJC_ARC = YES;
				CLANG_ENABLE_OBJC_WEAK = YES;
				CLANG_WARN_BLOCK_CAPTURE_AUTORELEASING = YES;
				CLANG_WARN_BOOL_CONVERSION = YES;
				CLANG_WARN_COMMA = YES;
				CLANG_WARN_CONSTANT_CONVERSION = YES;
				CLANG_WARN_DEPRECATED_OBJC_IMPLEMENTATIONS = YES;
				CLANG_WARN_DIRECT_OBJC_ISA_USAGE = YES_ERROR;
				CLANG_WARN_DOCUMENTATION_COMMENTS = YES;
				CLANG_WARN_EMPTY_BODY = YES;
				CLANG_WARN_ENUM_CONVERSION = YES;
				CLANG_WARN_INFINITE_RECURSION = YES;
				CLANG_WARN_INT_CONVERSION = YES;
				CLANG_WARN_NON_LITERAL_NULL_CONVERSION = YES;
				CLANG_WARN_OBJC_IMPLICIT_RETAIN_SELF = YES;
				CLANG_WARN_OBJC_LITERAL_CONVERSION = YES;
				CLANG_WARN_OBJC_ROOT_CLASS = YES_ERROR;
				CLANG_WARN_QUOTED_INCLUDE_IN_FRAMEWORK_HEADER = YES;
				CLANG_WARN_RANGE_LOOP_ANALYSIS = YES;
				CLANG_WARN_STRICT_PROTOTYPES = YES;
				CLANG_WARN_SUSPICIOUS_MOVE = YES;
				CLANG_WARN_UNGUARDED_AVAILABILITY = YES_AGGRESSIVE;
				CLANG_WARN_UNREACHABLE_CODE = YES;
				CLANG_WARN__DUPLICATE_METHOD_MATCH = YES;
				COPY_PHASE_STRIP = NO;
				DEBUG_INFORMATION_FORMAT = dwarf;
				ENABLE_STRICT_OBJC_MSGSEND = YES;
				ENABLE_TESTABILITY = YES;
				ENABLE_USER_SCRIPT_SANDBOXING = YES;
				GCC_C_LANGUAGE_STANDARD = gnu17;
				GCC_DYNAMIC_NO_PIC = NO;
				GCC_NO_COMMON_BLOCKS = YES;
				GCC_OPTIMIZATION_LEVEL = 0;
				GCC_PREPROCESSOR_DEFINITIONS = (
					"DEBUG=1",
					"$(inherited)",
				);
				GCC_WARN_64_TO_32_BIT_CONVERSION = YES;
				GCC_WARN_ABOUT_RETURN_TYPE = YES_ERROR;
				GCC_WARN_UNDECLARED_SELECTOR = YES;
				GCC_WARN_UNINITIALIZED_AUTOS = YES_AGGRESSIVE;
				GCC_WARN_UNUSED_FUNCTION = YES;
				GCC_WARN_UNUSED_VARIABLE = YES;
				IPHONEOS_DEPLOYMENT_TARGET = 17.0;
				LOCALIZATION_PREFERS_STRING_CATALOGS = YES;
				MTL_ENABLE_DEBUG_INFO = INCLUDE_SOURCE;
				MTL_FAST_MATH = YES;
				ONLY_ACTIVE_ARCH = YES;
				SDKROOT = iphoneos;
			};
			name = Debug;
		};
		75065A3D2AFC08BC009B8AF5 /* Release */ = {
			isa = XCBuildConfiguration;
			buildSettings = {
				ALWAYS_SEARCH_USER_PATHS = NO;
				ASSETCATALOG_COMPILER_GENERATE_SWIFT_ASSET_SYMBOL_EXTENSIONS = YES;
				CLANG_ANALYZER_NONNULL = YES;
				CLANG_ANALYZER_NUMBER_OBJECT_CONVERSION = YES_AGGRESSIVE;
				CLANG_CXX_LANGUAGE_STANDARD = "gnu++20";
				CLANG_ENABLE_MODULES = YES;
				CLANG_ENABLE_OBJC_ARC = YES;
				CLANG_ENABLE_OBJC_WEAK = YES;
				CLANG_WARN_BLOCK_CAPTURE_AUTORELEASING = YES;
				CLANG_WARN_BOOL_CONVERSION = YES;
				CLANG_WARN_COMMA = YES;
				CLANG_WARN_CONSTANT_CONVERSION = YES;
				CLANG_WARN_DEPRECATED_OBJC_IMPLEMENTATIONS = YES;
				CLANG_WARN_DIRECT_OBJC_ISA_USAGE = YES_ERROR;
				CLANG_WARN_DOCUMENTATION_COMMENTS = YES;
				CLANG_WARN_EMPTY_BODY = YES;
				CLANG_WARN_ENUM_CONVERSION = YES;
				CLANG_WARN_INFINITE_RECURSION = YES;
				CLANG_WARN_INT_CONVERSION = YES;
				CLANG_WARN_NON_LITERAL_NULL_CONVERSION = YES;
				CLANG_WARN_OBJC_IMPLICIT_RETAIN_SELF = YES;
				CLANG_WARN_OBJC_LITERAL_CONVERSION = YES;
				CLANG_WARN_OBJC_ROOT_CLASS = YES_ERROR;
				CLANG_WARN_QUOTED_INCLUDE_IN_FRAMEWORK_HEADER = YES;
				CLANG_WARN_RANGE_LOOP_ANALYSIS = YES;
				CLANG_WARN_STRICT_PROTOTYPES = YES;
				CLANG_WARN_SUSPICIOUS_MOVE = YES;
				CLANG_WARN_UNGUARDED_AVAILABILITY = YES_AGGRESSIVE;
				CLANG_WARN_UNREACHABLE_CODE = YES;
				CLANG_WARN__DUPLICATE_METHOD_MATCH = YES;
				COPY_PHASE_STRIP = NO;
				DEBUG_INFORMATION_FORMAT = "dwarf-with-dsym";
				ENABLE_NS_ASSERTIONS = NO;
				ENABLE_STRICT_OBJC_MSGSEND = YES;
				ENABLE_USER_SCRIPT_SANDBOXING = YES;
				GCC_C_LANGUAGE_STANDARD = gnu17;
				GCC_NO_COMMON_BLOCKS = YES;
				GCC_WARN_64_TO_32_BIT_CONVERSION = YES;
				GCC_WARN_ABOUT_RETURN_TYPE = YES_ERROR;
				GCC_WARN_UNDECLARED_SELECTOR = YES;
				GCC_WARN_UNINITIALIZED_AUTOS = YES_AGGRESSIVE;
				GCC_WARN_UNUSED_FUNCTION = YES;
				GCC_WARN_UNUSED_VARIABLE = YES;
				IPHONEOS_DEPLOYMENT_TARGET = 17.0;
				LOCALIZATION_PREFERS_STRING_CATALOGS = YES;
				MTL_ENABLE_DEBUG_INFO = NO;
				MTL_FAST_MATH = YES;
				SDKROOT = iphoneos;
				VALIDATE_PRODUCT = YES;
			};
			name = Release;
		};
		75065A3F2AFC08BC009B8AF5 /* Debug */ = {
			isa = XCBuildConfiguration;
			buildSettings = {
				ASSETCATALOG_COMPILER_APPICON_NAME = AppIcon;
				ASSETCATALOG_COMPILER_GLOBAL_ACCENT_COLOR_NAME = AccentColor;
				CODE_SIGN_STYLE = Automatic;
				CURRENT_PROJECT_VERSION = 1;
				GENERATE_INFOPLIST_FILE = YES;
				INFOPLIST_KEY_UIApplicationSupportsIndirectInputEvents = YES;
				INFOPLIST_KEY_UILaunchStoryboardName = LaunchScreen;
				INFOPLIST_KEY_UIMainStoryboardFile = Main;
				INFOPLIST_KEY_UIStatusBarHidden = YES;
				INFOPLIST_KEY_UISupportedInterfaceOrientations_iPad = "UIInterfaceOrientationPortrait UIInterfaceOrientationPortraitUpsideDown UIInterfaceOrientationLandscapeLeft UIInterfaceOrientationLandscapeRight";
				INFOPLIST_KEY_UISupportedInterfaceOrientations_iPhone = "UIInterfaceOrientationPortrait UIInterfaceOrientationLandscapeLeft UIInterfaceOrientationLandscapeRight";
				LD_RUNPATH_SEARCH_PATHS = (
					"$(inherited)",
					"@executable_path/Frameworks",
				);
				MARKETING_VERSION = 1.0;
				PRODUCT_BUNDLE_IDENTIFIER = Tinr.PuttPuttGolf;
				PRODUCT_NAME = "$(TARGET_NAME)";
				SWIFT_EMIT_LOC_STRINGS = YES;
				TARGETED_DEVICE_FAMILY = "1,2";
			};
			name = Debug;
		};
		75065A402AFC08BC009B8AF5 /* Release */ = {
			isa = XCBuildConfiguration;
			buildSettings = {
				ASSETCATALOG_COMPILER_APPICON_NAME = AppIcon;
				ASSETCATALOG_COMPILER_GLOBAL_ACCENT_COLOR_NAME = AccentColor;
				CODE_SIGN_STYLE = Automatic;
				CURRENT_PROJECT_VERSION = 1;
				GENERATE_INFOPLIST_FILE = YES;
				INFOPLIST_KEY_UIApplicationSupportsIndirectInputEvents = YES;
				INFOPLIST_KEY_UILaunchStoryboardName = LaunchScreen;
				INFOPLIST_KEY_UIMainStoryboardFile = Main;
				INFOPLIST_KEY_UIStatusBarHidden = YES;
				INFOPLIST_KEY_UISupportedInterfaceOrientations_iPad = "UIInterfaceOrientationPortrait UIInterfaceOrientationPortraitUpsideDown UIInterfaceOrientationLandscapeLeft UIInterfaceOrientationLandscapeRight";
				INFOPLIST_KEY_UISupportedInterfaceOrientations_iPhone = "UIInterfaceOrientationPortrait UIInterfaceOrientationLandscapeLeft UIInterfaceOrientationLandscapeRight";
				LD_RUNPATH_SEARCH_PATHS = (
					"$(inherited)",
					"@executable_path/Frameworks",
				);
				MARKETING_VERSION = 1.0;
				PRODUCT_BUNDLE_IDENTIFIER = Tinr.PuttPuttGolf;
				PRODUCT_NAME = "$(TARGET_NAME)";
				SWIFT_EMIT_LOC_STRINGS = YES;
				TARGETED_DEVICE_FAMILY = "1,2";
			};
			name = Release;
		};
/* End XCBuildConfiguration section */

/* Begin XCConfigurationList section */
		75065A1D2AFC08BB009B8AF5 /* Build configuration list for PBXProject "PuttPuttGolf" */ = {
			isa = XCConfigurationList;
			buildConfigurations = (
				75065A3C2AFC08BC009B8AF5 /* Debug */,
				75065A3D2AFC08BC009B8AF5 /* Release */,
			);
			defaultConfigurationIsVisible = 0;
			defaultConfigurationName = Release;
		};
		75065A3E2AFC08BC009B8AF5 /* Build configuration list for PBXNativeTarget "PuttPuttGolf" */ = {
			isa = XCConfigurationList;
			buildConfigurations = (
				75065A3F2AFC08BC009B8AF5 /* Debug */,
				75065A402AFC08BC009B8AF5 /* Release */,
			);
			defaultConfigurationIsVisible = 0;
			defaultConfigurationName = Release;
		};
/* End XCConfigurationList section */
	};
	rootObject = 75065A1A2AFC08BB009B8AF5 /* Project object */;
}
